
Microsoft Visual Studio Solution File, Format Version 12.00
# Visual Studio Version 16
VisualStudioVersion = 16.0.32106.194
MinimumVisualStudioVersion = 10.0.40219.1
Project("{FAE04EC0-301F-11D3-BF4B-00C04F79EFBC}") = "SE256_Lab2_SOquendo", "SE256_Lab2_SOquendo.csproj", "{43554CA0-71B4-46CE-8F68-FDB869BF0EFF}"
EndProject
Global
	GlobalSection(SolutionConfigurationPlatforms) = preSolution
		Debug|Any CPU = Debug|Any CPU
		Release|Any CPU = Release|Any CPU
	EndGlobalSection
	GlobalSection(ProjectConfigurationPlatforms) = postSolution
		{43554CA0-71B4-46CE-8F68-FDB869BF0EFF}.Debug|Any CPU.ActiveCfg = Debug|Any CPU
		{43554CA0-71B4-46CE-8F68-FDB869BF0EFF}.Debug|Any CPU.Build.0 = Debug|Any CPU
		{43554CA0-71B4-46CE-8F68-FDB869BF0EFF}.Release|Any CPU.ActiveCfg = Release|Any CPU
		{43554CA0-71B4-46CE-8F68-FDB869BF0EFF}.Release|Any CPU.Build.0 = Release|Any CPU
	EndGlobalSection
	GlobalSection(SolutionProperties) = preSolution
		HideSolutionNode = FALSE
	EndGlobalSection
	GlobalSection(ExtensibilityGlobals) = postSolution
		SolutionGuid = {C50C40B4-2656-4A79-9C5B-C3CC8741B835}
	EndGlobalSection
EndGlobal
